
Microsoft Visual Studio Solution File, Format Version 12.00
Project("{FAE04EC0-301F-11D3-BF4B-00C04F79EFBC}") = "App", "App\App.csproj", "{9ECD67DA-EE70-4195-A88C-84B1E2868C17}"
EndProject
Project("{FAE04EC0-301F-11D3-BF4B-00C04F79EFBC}") = "AppTests", "AppTests\AppTests.csproj", "{A5482613-F1F9-422F-B53C-43FE4C5EA736}"
EndProject
Global
	GlobalSection(SolutionConfigurationPlatforms) = preSolution
		Debug|Any CPU = Debug|Any CPU
		Release|Any CPU = Release|Any CPU
	EndGlobalSection
	GlobalSection(ProjectConfigurationPlatforms) = postSolution
		{9ECD67DA-EE70-4195-A88C-84B1E2868C17}.Debug|Any CPU.ActiveCfg = Debug|Any CPU
		{9ECD67DA-EE70-4195-A88C-84B1E2868C17}.Debug|Any CPU.Build.0 = Debug|Any CPU
		{9ECD67DA-EE70-4195-A88C-84B1E2868C17}.Release|Any CPU.ActiveCfg = Release|Any CPU
		{9ECD67DA-EE70-4195-A88C-84B1E2868C17}.Release|Any CPU.Build.0 = Release|Any CPU
		{A5482613-F1F9-422F-B53C-43FE4C5EA736}.Debug|Any CPU.ActiveCfg = Debug|Any CPU
		{A5482613-F1F9-422F-B53C-43FE4C5EA736}.Debug|Any CPU.Build.0 = Debug|Any CPU
		{A5482613-F1F9-422F-B53C-43FE4C5EA736}.Release|Any CPU.ActiveCfg = Release|Any CPU
		{A5482613-F1F9-422F-B53C-43FE4C5EA736}.Release|Any CPU.Build.0 = Release|Any CPU
	EndGlobalSection
EndGlobal
